
Microsoft Visual Studio Solution File, Format Version 12.00
# Visual Studio 15
VisualStudioVersion = 15.0.27130.2010
MinimumVisualStudioVersion = 10.0.40219.1
Project("{8BC9CEB8-8B4A-11D0-8D11-00A0C91BC942}") = "If", "If\If.vcxproj", "{CD837111-2533-461E-A082-3269A3169656}"
EndProject
Global
	GlobalSection(SolutionConfigurationPlatforms) = preSolution
		Debug|x64 = Debug|x64
		Debug|x86 = Debug|x86
		Release|x64 = Release|x64
		Release|x86 = Release|x86
	EndGlobalSection
	GlobalSection(ProjectConfigurationPlatforms) = postSolution
		{CD837111-2533-461E-A082-3269A3169656}.Debug|x64.ActiveCfg = Debug|x64
		{CD837111-2533-461E-A082-3269A3169656}.Debug|x64.Build.0 = Debug|x64
		{CD837111-2533-461E-A082-3269A3169656}.Debug|x86.ActiveCfg = Debug|Win32
		{CD837111-2533-461E-A082-3269A3169656}.Debug|x86.Build.0 = Debug|Win32
		{CD837111-2533-461E-A082-3269A3169656}.Release|x64.ActiveCfg = Release|x64
		{CD837111-2533-461E-A082-3269A3169656}.Release|x64.Build.0 = Release|x64
		{CD837111-2533-461E-A082-3269A3169656}.Release|x86.ActiveCfg = Release|Win32
		{CD837111-2533-461E-A082-3269A3169656}.Release|x86.Build.0 = Release|Win32
	EndGlobalSection
	GlobalSection(SolutionProperties) = preSolution
		HideSolutionNode = FALSE
	EndGlobalSection
	GlobalSection(ExtensibilityGlobals) = postSolution
		SolutionGuid = {9A2FD1F4-5FFC-4847-8EE6-CE321B1DADB3}
	EndGlobalSection
EndGlobal
